
Microsoft Visual Studio Solution File, Format Version 12.00
# Visual Studio Version 16
VisualStudioVersion = 16.0.30002.166
MinimumVisualStudioVersion = 10.0.40219.1
Project("{FAE04EC0-301F-11D3-BF4B-00C04F79EFBC}") = "SkiaTest.UWP", "SkiaTest\SkiaTest.UWP\SkiaTest.UWP.csproj", "{C0819547-F524-4C93-BEB0-BD3893F69A36}"
EndProject
Project("{FAE04EC0-301F-11D3-BF4B-00C04F79EFBC}") = "SkiaTest.Android", "SkiaTest\SkiaTest.Android\SkiaTest.Android.csproj", "{774A45E7-65CA-4C83-81A0-B9A97FD31C84}"
EndProject
Project("{9A19103F-16F7-4668-BE54-9A1E7A4F7556}") = "SkiaTest", "SkiaTest\SkiaTest\SkiaTest.csproj", "{1527B84D-08F7-41D8-8A9C-164B5695EE08}"
EndProject
Project("{FAE04EC0-301F-11D3-BF4B-00C04F79EFBC}") = "SkiaTest.iOS", "SkiaTest\SkiaTest.iOS\SkiaTest.iOS.csproj", "{3354B16B-9B11-45E2-A8A9-E62966CDDDF9}"
	ProjectSection(ProjectDependencies) = postProject
		{1527B84D-08F7-41D8-8A9C-164B5695EE08} = {1527B84D-08F7-41D8-8A9C-164B5695EE08}
	EndProjectSection
EndProject
Project("{FAE04EC0-301F-11D3-BF4B-00C04F79EFBC}") = "SkiaTest.MacOS", "SkiaTest\SkiaTest.MacOs\SkiaTest.MacOS.csproj", "{F17ABCEB-F319-42FE-8543-1C47710C72C5}"
EndProject
Project("{FAE04EC0-301F-11D3-BF4B-00C04F79EFBC}") = "SkiaTest.WPF", "SkiaTest\SkiaTest.WPF\SkiaTest.WPF.csproj", "{24B3CB08-75A0-43FB-B4E0-F616C6BBF686}"
EndProject
Project("{2150E333-8FDC-42A3-9474-1A3956D46DE8}") = "Solution Items", "Solution Items", "{8712A584-3167-40E5-8291-1084ED3F3C46}"
EndProject
Global
	GlobalSection(SolutionConfigurationPlatforms) = preSolution
		Debug|Any CPU = Debug|Any CPU
		Debug|ARM = Debug|ARM
		Debug|iPhone = Debug|iPhone
		Debug|iPhoneSimulator = Debug|iPhoneSimulator
		Debug|x64 = Debug|x64
		Debug|x86 = Debug|x86
		Release|Any CPU = Release|Any CPU
		Release|ARM = Release|ARM
		Release|iPhone = Release|iPhone
		Release|iPhoneSimulator = Release|iPhoneSimulator
		Release|x64 = Release|x64
		Release|x86 = Release|x86
	EndGlobalSection
	GlobalSection(ProjectConfigurationPlatforms) = postSolution
		{C0819547-F524-4C93-BEB0-BD3893F69A36}.Debug|Any CPU.ActiveCfg = Debug|x86
		{C0819547-F524-4C93-BEB0-BD3893F69A36}.Debug|Any CPU.Build.0 = Debug|x86
		{C0819547-F524-4C93-BEB0-BD3893F69A36}.Debug|Any CPU.Deploy.0 = Debug|x86
		{C0819547-F524-4C93-BEB0-BD3893F69A36}.Debug|ARM.ActiveCfg = Debug|ARM
		{C0819547-F524-4C93-BEB0-BD3893F69A36}.Debug|ARM.Build.0 = Debug|ARM
		{C0819547-F524-4C93-BEB0-BD3893F69A36}.Debug|ARM.Deploy.0 = Debug|ARM
		{C0819547-F524-4C93-BEB0-BD3893F69A36}.Debug|iPhone.ActiveCfg = Debug|x86
		{C0819547-F524-4C93-BEB0-BD3893F69A36}.Debug|iPhone.Build.0 = Debug|x86
		{C0819547-F524-4C93-BEB0-BD3893F69A36}.Debug|iPhone.Deploy.0 = Debug|x86
		{C0819547-F524-4C93-BEB0-BD3893F69A36}.Debug|iPhoneSimulator.ActiveCfg = Debug|x86
		{C0819547-F524-4C93-BEB0-BD3893F69A36}.Debug|x64.ActiveCfg = Debug|x64
		{C0819547-F524-4C93-BEB0-BD3893F69A36}.Debug|x64.Build.0 = Debug|x64
		{C0819547-F524-4C93-BEB0-BD3893F69A36}.Debug|x64.Deploy.0 = Debug|x64
		{C0819547-F524-4C93-BEB0-BD3893F69A36}.Debug|x86.ActiveCfg = Debug|x86
		{C0819547-F524-4C93-BEB0-BD3893F69A36}.Debug|x86.Build.0 = Debug|x86
		{C0819547-F524-4C93-BEB0-BD3893F69A36}.Debug|x86.Deploy.0 = Debug|x86
		{C0819547-F524-4C93-BEB0-BD3893F69A36}.Release|Any CPU.ActiveCfg = Release|x86
		{C0819547-F524-4C93-BEB0-BD3893F69A36}.Release|Any CPU.Build.0 = Release|x86
		{C0819547-F524-4C93-BEB0-BD3893F69A36}.Release|Any CPU.Deploy.0 = Release|x86
		{C0819547-F524-4C93-BEB0-BD3893F69A36}.Release|ARM.ActiveCfg = Release|ARM
		{C0819547-F524-4C93-BEB0-BD3893F69A36}.Release|ARM.Build.0 = Release|ARM
		{C0819547-F524-4C93-BEB0-BD3893F69A36}.Release|ARM.Deploy.0 = Release|ARM
		{C0819547-F524-4C93-BEB0-BD3893F69A36}.Release|iPhone.ActiveCfg = Release|x86
		{C0819547-F524-4C93-BEB0-BD3893F69A36}.Release|iPhoneSimulator.ActiveCfg = Release|x86
		{C0819547-F524-4C93-BEB0-BD3893F69A36}.Release|x64.ActiveCfg = Release|x64
		{C0819547-F524-4C93-BEB0-BD3893F69A36}.Release|x64.Build.0 = Release|x64
		{C0819547-F524-4C93-BEB0-BD3893F69A36}.Release|x64.Deploy.0 = Release|x64
		{C0819547-F524-4C93-BEB0-BD3893F69A36}.Release|x86.ActiveCfg = Release|x86
		{C0819547-F524-4C93-BEB0-BD3893F69A36}.Release|x86.Build.0 = Release|x86
		{C0819547-F524-4C93-BEB0-BD3893F69A36}.Release|x86.Deploy.0 = Release|x86
		{774A45E7-65CA-4C83-81A0-B9A97FD31C84}.Debug|Any CPU.ActiveCfg = Debug|Any CPU
		{774A45E7-65CA-4C83-81A0-B9A97FD31C84}.Debug|Any CPU.Build.0 = Debug|Any CPU
		{774A45E7-65CA-4C83-81A0-B9A97FD31C84}.Debug|Any CPU.Deploy.0 = Debug|Any CPU
		{774A45E7-65CA-4C83-81A0-B9A97FD31C84}.Debug|ARM.ActiveCfg = Debug|Any CPU
		{774A45E7-65CA-4C83-81A0-B9A97FD31C84}.Debug|ARM.Build.0 = Debug|Any CPU
		{774A45E7-65CA-4C83-81A0-B9A97FD31C84}.Debug|ARM.Deploy.0 = Debug|Any CPU
		{774A45E7-65CA-4C83-81A0-B9A97FD31C84}.Debug|iPhone.ActiveCfg = Debug|Any CPU
		{774A45E7-65CA-4C83-81A0-B9A97FD31C84}.Debug|iPhone.Build.0 = Debug|Any CPU
		{774A45E7-65CA-4C83-81A0-B9A97FD31C84}.Debug|iPhone.Deploy.0 = Debug|Any CPU
		{774A45E7-65CA-4C83-81A0-B9A97FD31C84}.Debug|iPhoneSimulator.ActiveCfg = Debug|Any CPU
		{774A45E7-65CA-4C83-81A0-B9A97FD31C84}.Debug|iPhoneSimulator.Build.0 = Debug|Any CPU
		{774A45E7-65CA-4C83-81A0-B9A97FD31C84}.Debug|iPhoneSimulator.Deploy.0 = Debug|Any CPU
		{774A45E7-65CA-4C83-81A0-B9A97FD31C84}.Debug|x64.ActiveCfg = Debug|Any CPU
		{774A45E7-65CA-4C83-81A0-B9A97FD31C84}.Debug|x64.Build.0 = Debug|Any CPU
		{774A45E7-65CA-4C83-81A0-B9A97FD31C84}.Debug|x64.Deploy.0 = Debug|Any CPU
		{774A45E7-65CA-4C83-81A0-B9A97FD31C84}.Debug|x86.ActiveCfg = Debug|Any CPU
		{774A45E7-65CA-4C83-81A0-B9A97FD31C84}.Debug|x86.Build.0 = Debug|Any CPU
		{774A45E7-65CA-4C83-81A0-B9A97FD31C84}.Debug|x86.Deploy.0 = Debug|Any CPU
		{774A45E7-65CA-4C83-81A0-B9A97FD31C84}.Release|Any CPU.ActiveCfg = Release|Any CPU
		{774A45E7-65CA-4C83-81A0-B9A97FD31C84}.Release|Any CPU.Build.0 = Release|Any CPU
		{774A45E7-65CA-4C83-81A0-B9A97FD31C84}.Release|Any CPU.Deploy.0 = Release|Any CPU
		{774A45E7-65CA-4C83-81A0-B9A97FD31C84}.Release|ARM.ActiveCfg = Release|Any CPU
		{774A45E7-65CA-4C83-81A0-B9A97FD31C84}.Release|ARM.Build.0 = Release|Any CPU
		{774A45E7-65CA-4C83-81A0-B9A97FD31C84}.Release|ARM.Deploy.0 = Release|Any CPU
		{774A45E7-65CA-4C83-81A0-B9A97FD31C84}.Release|iPhone.ActiveCfg = Release|Any CPU
		{774A45E7-65CA-4C83-81A0-B9A97FD31C84}.Release|iPhone.Build.0 = Release|Any CPU
		{774A45E7-65CA-4C83-81A0-B9A97FD31C84}.Release|iPhone.Deploy.0 = Release|Any CPU
		{774A45E7-65CA-4C83-81A0-B9A97FD31C84}.Release|iPhoneSimulator.ActiveCfg = Release|Any CPU
		{774A45E7-65CA-4C83-81A0-B9A97FD31C84}.Release|iPhoneSimulator.Build.0 = Release|Any CPU
		{774A45E7-65CA-4C83-81A0-B9A97FD31C84}.Release|iPhoneSimulator.Deploy.0 = Release|Any CPU
		{774A45E7-65CA-4C83-81A0-B9A97FD31C84}.Release|x64.ActiveCfg = Release|Any CPU
		{774A45E7-65CA-4C83-81A0-B9A97FD31C84}.Release|x64.Build.0 = Release|Any CPU
		{774A45E7-65CA-4C83-81A0-B9A97FD31C84}.Release|x64.Deploy.0 = Release|Any CPU
		{774A45E7-65CA-4C83-81A0-B9A97FD31C84}.Release|x86.ActiveCfg = Release|Any CPU
		{774A45E7-65CA-4C83-81A0-B9A97FD31C84}.Release|x86.Build.0 = Release|Any CPU
		{774A45E7-65CA-4C83-81A0-B9A97FD31C84}.Release|x86.Deploy.0 = Release|Any CPU
		{1527B84D-08F7-41D8-8A9C-164B5695EE08}.Debug|Any CPU.ActiveCfg = Debug|Any CPU
		{1527B84D-08F7-41D8-8A9C-164B5695EE08}.Debug|Any CPU.Build.0 = Debug|Any CPU
		{1527B84D-08F7-41D8-8A9C-164B5695EE08}.Debug|Any CPU.Deploy.0 = Debug|Any CPU
		{1527B84D-08F7-41D8-8A9C-164B5695EE08}.Debug|ARM.ActiveCfg = Debug|Any CPU
		{1527B84D-08F7-41D8-8A9C-164B5695EE08}.Debug|ARM.Build.0 = Debug|Any CPU
		{1527B84D-08F7-41D8-8A9C-164B5695EE08}.Debug|ARM.Deploy.0 = Debug|Any CPU
		{1527B84D-08F7-41D8-8A9C-164B5695EE08}.Debug|iPhone.ActiveCfg = Debug|Any CPU
		{1527B84D-08F7-41D8-8A9C-164B5695EE08}.Debug|iPhone.Build.0 = Debug|Any CPU
		{1527B84D-08F7-41D8-8A9C-164B5695EE08}.Debug|iPhoneSimulator.ActiveCfg = Debug|Any CPU
		{1527B84D-08F7-41D8-8A9C-164B5695EE08}.Debug|iPhoneSimulator.Build.0 = Debug|Any CPU
		{1527B84D-08F7-41D8-8A9C-164B5695EE08}.Debug|x64.ActiveCfg = Debug|Any CPU
		{1527B84D-08F7-41D8-8A9C-164B5695EE08}.Debug|x64.Build.0 = Debug|Any CPU
		{1527B84D-08F7-41D8-8A9C-164B5695EE08}.Debug|x64.Deploy.0 = Debug|Any CPU
		{1527B84D-08F7-41D8-8A9C-164B5695EE08}.Debug|x86.ActiveCfg = Debug|Any CPU
		{1527B84D-08F7-41D8-8A9C-164B5695EE08}.Debug|x86.Build.0 = Debug|Any CPU
		{1527B84D-08F7-41D8-8A9C-164B5695EE08}.Debug|x86.Deploy.0 = Debug|Any CPU
		{1527B84D-08F7-41D8-8A9C-164B5695EE08}.Release|Any CPU.ActiveCfg = Release|Any CPU
		{1527B84D-08F7-41D8-8A9C-164B5695EE08}.Release|Any CPU.Build.0 = Release|Any CPU
		{1527B84D-08F7-41D8-8A9C-164B5695EE08}.Release|Any CPU.Deploy.0 = Release|Any CPU
		{1527B84D-08F7-41D8-8A9C-164B5695EE08}.Release|ARM.ActiveCfg = Release|Any CPU
		{1527B84D-08F7-41D8-8A9C-164B5695EE08}.Release|ARM.Build.0 = Release|Any CPU
		{1527B84D-08F7-41D8-8A9C-164B5695EE08}.Release|ARM.Deploy.0 = Release|Any CPU
		{1527B84D-08F7-41D8-8A9C-164B5695EE08}.Release|iPhone.ActiveCfg = Release|Any CPU
		{1527B84D-08F7-41D8-8A9C-164B5695EE08}.Release|iPhone.Build.0 = Release|Any CPU
		{1527B84D-08F7-41D8-8A9C-164B5695EE08}.Release|iPhoneSimulator.ActiveCfg = Release|Any CPU
		{1527B84D-08F7-41D8-8A9C-164B5695EE08}.Release|iPhoneSimulator.Build.0 = Release|Any CPU
		{1527B84D-08F7-41D8-8A9C-164B5695EE08}.Release|x64.ActiveCfg = Release|Any CPU
		{1527B84D-08F7-41D8-8A9C-164B5695EE08}.Release|x64.Build.0 = Release|Any CPU
		{1527B84D-08F7-41D8-8A9C-164B5695EE08}.Release|x64.Deploy.0 = Release|Any CPU
		{1527B84D-08F7-41D8-8A9C-164B5695EE08}.Release|x86.ActiveCfg = Release|Any CPU
		{1527B84D-08F7-41D8-8A9C-164B5695EE08}.Release|x86.Build.0 = Release|Any CPU
		{1527B84D-08F7-41D8-8A9C-164B5695EE08}.Release|x86.Deploy.0 = Release|Any CPU
		{3354B16B-9B11-45E2-A8A9-E62966CDDDF9}.Debug|Any CPU.ActiveCfg = Debug|iPhone
		{3354B16B-9B11-45E2-A8A9-E62966CDDDF9}.Debug|ARM.ActiveCfg = Debug|iPhone
		{3354B16B-9B11-45E2-A8A9-E62966CDDDF9}.Debug|iPhone.ActiveCfg = Debug|iPhone
		{3354B16B-9B11-45E2-A8A9-E62966CDDDF9}.Debug|iPhone.Build.0 = Debug|iPhone
		{3354B16B-9B11-45E2-A8A9-E62966CDDDF9}.Debug|iPhone.Deploy.0 = Debug|iPhone
		{3354B16B-9B11-45E2-A8A9-E62966CDDDF9}.Debug|iPhoneSimulator.ActiveCfg = Debug|iPhoneSimulator
		{3354B16B-9B11-45E2-A8A9-E62966CDDDF9}.Debug|iPhoneSimulator.Build.0 = Debug|iPhoneSimulator
		{3354B16B-9B11-45E2-A8A9-E62966CDDDF9}.Debug|x64.ActiveCfg = Debug|iPhone
		{3354B16B-9B11-45E2-A8A9-E62966CDDDF9}.Debug|x86.ActiveCfg = Debug|iPhone
		{3354B16B-9B11-45E2-A8A9-E62966CDDDF9}.Release|Any CPU.ActiveCfg = Release|iPhone
		{3354B16B-9B11-45E2-A8A9-E62966CDDDF9}.Release|ARM.ActiveCfg = Release|iPhone
		{3354B16B-9B11-45E2-A8A9-E62966CDDDF9}.Release|iPhone.ActiveCfg = Release|iPhone
		{3354B16B-9B11-45E2-A8A9-E62966CDDDF9}.Release|iPhone.Build.0 = Release|iPhone
		{3354B16B-9B11-45E2-A8A9-E62966CDDDF9}.Release|iPhoneSimulator.ActiveCfg = Release|iPhoneSimulator
		{3354B16B-9B11-45E2-A8A9-E62966CDDDF9}.Release|iPhoneSimulator.Build.0 = Release|iPhoneSimulator
		{3354B16B-9B11-45E2-A8A9-E62966CDDDF9}.Release|x64.ActiveCfg = Release|iPhone
		{3354B16B-9B11-45E2-A8A9-E62966CDDDF9}.Release|x86.ActiveCfg = Release|iPhone
		{F17ABCEB-F319-42FE-8543-1C47710C72C5}.Debug|Any CPU.ActiveCfg = Debug|Any CPU
		{F17ABCEB-F319-42FE-8543-1C47710C72C5}.Debug|Any CPU.Build.0 = Debug|Any CPU
		{F17ABCEB-F319-42FE-8543-1C47710C72C5}.Debug|ARM.ActiveCfg = Debug|Any CPU
		{F17ABCEB-F319-42FE-8543-1C47710C72C5}.Debug|ARM.Build.0 = Debug|Any CPU
		{F17ABCEB-F319-42FE-8543-1C47710C72C5}.Debug|iPhone.ActiveCfg = Debug|Any CPU
		{F17ABCEB-F319-42FE-8543-1C47710C72C5}.Debug|iPhone.Build.0 = Debug|Any CPU
		{F17ABCEB-F319-42FE-8543-1C47710C72C5}.Debug|iPhoneSimulator.ActiveCfg = Debug|Any CPU
		{F17ABCEB-F319-42FE-8543-1C47710C72C5}.Debug|iPhoneSimulator.Build.0 = Debug|Any CPU
		{F17ABCEB-F319-42FE-8543-1C47710C72C5}.Debug|x64.ActiveCfg = Debug|Any CPU
		{F17ABCEB-F319-42FE-8543-1C47710C72C5}.Debug|x64.Build.0 = Debug|Any CPU
		{F17ABCEB-F319-42FE-8543-1C47710C72C5}.Debug|x86.ActiveCfg = Debug|Any CPU
		{F17ABCEB-F319-42FE-8543-1C47710C72C5}.Debug|x86.Build.0 = Debug|Any CPU
		{F17ABCEB-F319-42FE-8543-1C47710C72C5}.Release|Any CPU.ActiveCfg = Release|Any CPU
		{F17ABCEB-F319-42FE-8543-1C47710C72C5}.Release|Any CPU.Build.0 = Release|Any CPU
		{F17ABCEB-F319-42FE-8543-1C47710C72C5}.Release|ARM.ActiveCfg = Release|Any CPU
		{F17ABCEB-F319-42FE-8543-1C47710C72C5}.Release|ARM.Build.0 = Release|Any CPU
		{F17ABCEB-F319-42FE-8543-1C47710C72C5}.Release|iPhone.ActiveCfg = Release|Any CPU
		{F17ABCEB-F319-42FE-8543-1C47710C72C5}.Release|iPhone.Build.0 = Release|Any CPU
		{F17ABCEB-F319-42FE-8543-1C47710C72C5}.Release|iPhoneSimulator.ActiveCfg = Release|Any CPU
		{F17ABCEB-F319-42FE-8543-1C47710C72C5}.Release|iPhoneSimulator.Build.0 = Release|Any CPU
		{F17ABCEB-F319-42FE-8543-1C47710C72C5}.Release|x64.ActiveCfg = Release|Any CPU
		{F17ABCEB-F319-42FE-8543-1C47710C72C5}.Release|x64.Build.0 = Release|Any CPU
		{F17ABCEB-F319-42FE-8543-1C47710C72C5}.Release|x86.ActiveCfg = Release|Any CPU
		{F17ABCEB-F319-42FE-8543-1C47710C72C5}.Release|x86.Build.0 = Release|Any CPU
		{24B3CB08-75A0-43FB-B4E0-F616C6BBF686}.Debug|Any CPU.ActiveCfg = Debug|Any CPU
		{24B3CB08-75A0-43FB-B4E0-F616C6BBF686}.Debug|Any CPU.Build.0 = Debug|Any CPU
		{24B3CB08-75A0-43FB-B4E0-F616C6BBF686}.Debug|ARM.ActiveCfg = Debug|Any CPU
		{24B3CB08-75A0-43FB-B4E0-F616C6BBF686}.Debug|ARM.Build.0 = Debug|Any CPU
		{24B3CB08-75A0-43FB-B4E0-F616C6BBF686}.Debug|iPhone.ActiveCfg = Debug|Any CPU
		{24B3CB08-75A0-43FB-B4E0-F616C6BBF686}.Debug|iPhone.Build.0 = Debug|Any CPU
		{24B3CB08-75A0-43FB-B4E0-F616C6BBF686}.Debug|iPhoneSimulator.ActiveCfg = Debug|Any CPU
		{24B3CB08-75A0-43FB-B4E0-F616C6BBF686}.Debug|iPhoneSimulator.Build.0 = Debug|Any CPU
		{24B3CB08-75A0-43FB-B4E0-F616C6BBF686}.Debug|x64.ActiveCfg = Debug|Any CPU
		{24B3CB08-75A0-43FB-B4E0-F616C6BBF686}.Debug|x64.Build.0 = Debug|Any CPU
		{24B3CB08-75A0-43FB-B4E0-F616C6BBF686}.Debug|x86.ActiveCfg = Debug|Any CPU
		{24B3CB08-75A0-43FB-B4E0-F616C6BBF686}.Debug|x86.Build.0 = Debug|Any CPU
		{24B3CB08-75A0-43FB-B4E0-F616C6BBF686}.Release|Any CPU.ActiveCfg = Release|Any CPU
		{24B3CB08-75A0-43FB-B4E0-F616C6BBF686}.Release|Any CPU.Build.0 = Release|Any CPU
		{24B3CB08-75A0-43FB-B4E0-F616C6BBF686}.Release|ARM.ActiveCfg = Release|Any CPU
		{24B3CB08-75A0-43FB-B4E0-F616C6BBF686}.Release|ARM.Build.0 = Release|Any CPU
		{24B3CB08-75A0-43FB-B4E0-F616C6BBF686}.Release|iPhone.ActiveCfg = Release|Any CPU
		{24B3CB08-75A0-43FB-B4E0-F616C6BBF686}.Release|iPhone.Build.0 = Release|Any CPU
		{24B3CB08-75A0-43FB-B4E0-F616C6BBF686}.Release|iPhoneSimulator.ActiveCfg = Release|Any CPU
		{24B3CB08-75A0-43FB-B4E0-F616C6BBF686}.Release|iPhoneSimulator.Build.0 = Release|Any CPU
		{24B3CB08-75A0-43FB-B4E0-F616C6BBF686}.Release|x64.ActiveCfg = Release|Any CPU
		{24B3CB08-75A0-43FB-B4E0-F616C6BBF686}.Release|x64.Build.0 = Release|Any CPU
		{24B3CB08-75A0-43FB-B4E0-F616C6BBF686}.Release|x86.ActiveCfg = Release|Any CPU
		{24B3CB08-75A0-43FB-B4E0-F616C6BBF686}.Release|x86.Build.0 = Release|Any CPU
	EndGlobalSection
	GlobalSection(SolutionProperties) = preSolution
		HideSolutionNode = FALSE
	EndGlobalSection
	GlobalSection(ExtensibilityGlobals) = postSolution
		SolutionGuid = {A64C4E80-EF7A-4D6A-AA65-941757C88CD1}
	EndGlobalSection
EndGlobal
